
Microsoft Visual Studio Solution File, Format Version 12.00
# Visual Studio Version 17
VisualStudioVersion = 17.9.34616.47
MinimumVisualStudioVersion = 10.0.40219.1
Project("{FAE04EC0-301F-11D3-BF4B-00C04F79EFBC}") = "Client", "Client.csproj", "{C8BB1DBF-C701-4AFE-AADE-993F59EC8E98}"
EndProject
Global
	GlobalSection(SolutionConfigurationPlatforms) = preSolution
		Debug|Any CPU = Debug|Any CPU
		Release|Any CPU = Release|Any CPU
	EndGlobalSection
	GlobalSection(ProjectConfigurationPlatforms) = postSolution
		{C8BB1DBF-C701-4AFE-AADE-993F59EC8E98}.Debug|Any CPU.ActiveCfg = Debug|Any CPU
		{C8BB1DBF-C701-4AFE-AADE-993F59EC8E98}.Debug|Any CPU.Build.0 = Debug|Any CPU
		{C8BB1DBF-C701-4AFE-AADE-993F59EC8E98}.Release|Any CPU.ActiveCfg = Release|Any CPU
		{C8BB1DBF-C701-4AFE-AADE-993F59EC8E98}.Release|Any CPU.Build.0 = Release|Any CPU
	EndGlobalSection
	GlobalSection(SolutionProperties) = preSolution
		HideSolutionNode = FALSE
	EndGlobalSection
	GlobalSection(ExtensibilityGlobals) = postSolution
		SolutionGuid = {124EE5D9-937C-4703-AA81-4281B3305AF2}
	EndGlobalSection
EndGlobal
